
Microsoft Visual Studio Solution File, Format Version 12.00
# Visual Studio 2015
Project("{FAE04EC0-301F-11D3-BF4B-00C04F79EFBC}") = "Mobile Action Game", "Mobile Action Game.csproj", "{29E20F32-C841-5963-721B-13036A523AB3}"
EndProject
Global
	GlobalSection(SolutionConfigurationPlatforms) = preSolution
		Debug|Any CPU = Debug|Any CPU
		Release|Any CPU = Release|Any CPU
	EndGlobalSection
	GlobalSection(ProjectConfigurationPlatforms) = postSolution
		{29E20F32-C841-5963-721B-13036A523AB3}.Debug|Any CPU.ActiveCfg = Debug|Any CPU
		{29E20F32-C841-5963-721B-13036A523AB3}.Debug|Any CPU.Build.0 = Debug|Any CPU
		{29E20F32-C841-5963-721B-13036A523AB3}.Release|Any CPU.ActiveCfg = Release|Any CPU
		{29E20F32-C841-5963-721B-13036A523AB3}.Release|Any CPU.Build.0 = Release|Any CPU
	EndGlobalSection
	GlobalSection(SolutionProperties) = preSolution
		HideSolutionNode = FALSE
	EndGlobalSection
EndGlobal
