
Microsoft Visual Studio Solution File, Format Version 12.00
# Visual Studio 15
Project("{FAE04EC0-301F-11D3-BF4B-00C04F79EFBC}") = "Mobile Action Game", "Assembly-CSharp.csproj", "{AE5B3530-2330-8132-8293-0253F1272257}"
EndProject
Global
	GlobalSection(SolutionConfigurationPlatforms) = preSolution
		Debug|Any CPU = Debug|Any CPU
		Release|Any CPU = Release|Any CPU
	EndGlobalSection
	GlobalSection(ProjectConfigurationPlatforms) = postSolution
		{AE5B3530-2330-8132-8293-0253F1272257}.Debug|Any CPU.ActiveCfg = Debug|Any CPU
		{AE5B3530-2330-8132-8293-0253F1272257}.Debug|Any CPU.Build.0 = Debug|Any CPU
		{AE5B3530-2330-8132-8293-0253F1272257}.Release|Any CPU.ActiveCfg = Release|Any CPU
		{AE5B3530-2330-8132-8293-0253F1272257}.Release|Any CPU.Build.0 = Release|Any CPU
	EndGlobalSection
	GlobalSection(SolutionProperties) = preSolution
		HideSolutionNode = FALSE
	EndGlobalSection
EndGlobal
